<?xml version="1.0" encoding="utf-8"?>
<Project ToolsVersion="4.0" xmlns="http://schemas.microsoft.com/developer/msbuild/2003">
  <ItemGroup>
    <Filter Include="Source Files">
      <UniqueIdentifier>{4FC737F1-C7A5-4376-A066-2A32D752A2FF}</UniqueIdentifier>
      <Extensions>cpp;c;cc;cxx;c++;cppm;ixx;def;odl;idl;hpj;bat;asm;asmx</Extensions>
    </Filter>
    <Filter Include="Header Files">
      <UniqueIdentifier>{93995380-89BD-4b04-88EB-625FBE52EBFB}</UniqueIdentifier>
      <Extensions>h;hh;hpp;hxx;h++;hm;inl;inc;ipp;xsd</Extensions>
    </Filter>
    <Filter Include="Resource Files">
      <UniqueIdentifier>{67DA6AB6-F800-4c08-8B7A-83BB121AAD01}</UniqueIdentifier>
      <Extensions>rc;ico;cur;bmp;dlg;rc2;rct;bin;rgs;gif;jpg;jpeg;jpe;resx;tiff;tif;png;wav;mfcribbon-ms</Extensions>
    </Filter>
    <Filter Include="Source Files\TestFiles">
      <UniqueIdentifier>{9be7a57b-2aa6-4fea-9392-766674c2de37}</UniqueIdentifier>
    </Filter>
  </ItemGroup>
  <ItemGroup>
    <ClInclude Include="AuxiliaryReservoir.h">
      <Filter>Header Files</Filter>
    </ClInclude>
    <ClInclude Include="BrakeCylinder.h">
      <Filter>Header Files</Filter>
    </ClInclude>
    <ClInclude Include="BrakePipe_Cumulative.h">
      <Filter>Header Files</Filter>
    </ClInclude>
    <ClInclude Include="BrakePipe_FiniteElement.h">
      <Filter>Header Files</Filter>
    </ClInclude>
    <ClInclude Include="Car.h">
      <Filter>Header Files</Filter>
    </ClInclude>
    <ClInclude Include="ControlValve.h">
      <Filter>Header Files</Filter>
    </ClInclude>
    <ClInclude Include="ControlValve_Car.h">
      <Filter>Header Files</Filter>
    </ClInclude>
    <ClInclude Include="ControlValve_Locomotive.h">
      <Filter>Header Files</Filter>
    </ClInclude>
    <ClInclude Include="Coupler.h">
      <Filter>Header Files</Filter>
    </ClInclude>
    <ClInclude Include="CouplingSystem.h">
      <Filter>Header Files</Filter>
    </ClInclude>
    <ClInclude Include="DynamicSystem.h">
      <Filter>Header Files</Filter>
    </ClInclude>
    <ClInclude Include="EmergencyReservoir.h">
      <Filter>Header Files</Filter>
    </ClInclude>
    <ClInclude Include="EndOfTrainDevice.h">
      <Filter>Header Files</Filter>
    </ClInclude>
    <ClInclude Include="ExplicitSSComponent.h">
      <Filter>Header Files</Filter>
    </ClInclude>
    <ClInclude Include="Function.h">
      <Filter>Header Files</Filter>
    </ClInclude>
    <ClInclude Include="HarmonicOscillator.h">
      <Filter>Header Files</Filter>
    </ClInclude>
    <ClInclude Include="InputFileReader.h">
      <Filter>Header Files</Filter>
    </ClInclude>
    <ClInclude Include="InputFileReader_ForcedSpeed.h">
      <Filter>Header Files</Filter>
    </ClInclude>
    <ClInclude Include="InputFileReader_Function.h">
      <Filter>Header Files</Filter>
    </ClInclude>
    <ClInclude Include="InputFileReader_Simulation.h">
      <Filter>Header Files</Filter>
    </ClInclude>
    <ClInclude Include="Interval.h">
      <Filter>Header Files</Filter>
    </ClInclude>
    <ClInclude Include="IntervalSmooth.h">
      <Filter>Header Files</Filter>
    </ClInclude>
    <ClInclude Include="IntervalStep.h">
      <Filter>Header Files</Filter>
    </ClInclude>
    <ClInclude Include="LinearSystem.h">
      <Filter>Header Files</Filter>
    </ClInclude>
    <ClInclude Include="Locomotive.h">
      <Filter>Header Files</Filter>
    </ClInclude>
    <ClInclude Include="LocomotiveOperator.h">
      <Filter>Header Files</Filter>
    </ClInclude>
    <ClInclude Include="OneDimensionalBrakePipe.h">
      <Filter>Header Files</Filter>
    </ClInclude>
    <ClInclude Include="Point.h">
      <Filter>Header Files</Filter>
    </ClInclude>
    <ClInclude Include="RailVehicle.h">
      <Filter>Header Files</Filter>
    </ClInclude>
    <ClInclude Include="ResultsWriter.h">
      <Filter>Header Files</Filter>
    </ClInclude>
    <ClInclude Include="Session_Function.h">
      <Filter>Header Files</Filter>
    </ClInclude>
    <ClInclude Include="Session_Simulation.h">
      <Filter>Header Files</Filter>
    </ClInclude>
    <ClInclude Include="Simulation.h">
      <Filter>Header Files</Filter>
    </ClInclude>
    <ClInclude Include="Track.h">
      <Filter>Header Files</Filter>
    </ClInclude>
    <ClInclude Include="TrainConsist.h">
      <Filter>Header Files</Filter>
    </ClInclude>
    <ClInclude Include="UnitConverter.h">
      <Filter>Header Files</Filter>
    </ClInclude>
    <ClInclude Include="UserDefinedRRComponent.h">
      <Filter>Header Files</Filter>
    </ClInclude>
    <ClInclude Include="VectorRotator.h">
      <Filter>Header Files</Filter>
    </ClInclude>
  </ItemGroup>
  <ItemGroup>
    <ClCompile Include="AuxiliaryReservoir.cpp">
      <Filter>Source Files</Filter>
    </ClCompile>
    <ClCompile Include="BrakeCylinder.cpp">
      <Filter>Source Files</Filter>
    </ClCompile>
    <ClCompile Include="BrakePipe_Cumulative.cpp">
      <Filter>Source Files</Filter>
    </ClCompile>
    <ClCompile Include="BrakePipe_FiniteElement.cpp">
      <Filter>Source Files</Filter>
    </ClCompile>
    <ClCompile Include="Car.cpp">
      <Filter>Source Files</Filter>
    </ClCompile>
    <ClCompile Include="Car__TEST.cpp">
      <Filter>Source Files\TestFiles</Filter>
    </ClCompile>
    <ClCompile Include="ControlValve.cpp">
      <Filter>Source Files</Filter>
    </ClCompile>
    <ClCompile Include="ControlValve_Car.cpp">
      <Filter>Source Files</Filter>
    </ClCompile>
    <ClCompile Include="ControlValve_Locomotive.cpp">
      <Filter>Source Files</Filter>
    </ClCompile>
    <ClCompile Include="Coupler.cpp">
      <Filter>Source Files</Filter>
    </ClCompile>
    <ClCompile Include="Coupler__TEST.cpp">
      <Filter>Source Files\TestFiles</Filter>
    </ClCompile>
    <ClCompile Include="CouplingSystem.cpp">
      <Filter>Source Files</Filter>
    </ClCompile>
    <ClCompile Include="DynamicSystem.cpp">
      <Filter>Source Files</Filter>
    </ClCompile>
    <ClCompile Include="EmergencyReservoir.cpp">
      <Filter>Source Files</Filter>
    </ClCompile>
    <ClCompile Include="EndOfTrainDevice.cpp">
      <Filter>Source Files</Filter>
    </ClCompile>
    <ClCompile Include="ExplicitSSComponent.cpp">
      <Filter>Source Files</Filter>
    </ClCompile>
    <ClCompile Include="Function.cpp">
      <Filter>Source Files</Filter>
    </ClCompile>
    <ClCompile Include="Function__TEST.cpp">
      <Filter>Source Files\TestFiles</Filter>
    </ClCompile>
    <ClCompile Include="HarmonicOscillator.cpp">
      <Filter>Source Files</Filter>
    </ClCompile>
    <ClCompile Include="HarmonicOscillator__TEST.cpp">
      <Filter>Source Files\TestFiles</Filter>
    </ClCompile>
    <ClCompile Include="InputFileReader__TEST.cpp">
      <Filter>Source Files\TestFiles</Filter>
    </ClCompile>
    <ClCompile Include="InputFileReader.cpp">
      <Filter>Source Files</Filter>
    </ClCompile>
    <ClCompile Include="InputFileReader_ForcedSpeed__TEST.cpp">
      <Filter>Source Files\TestFiles</Filter>
    </ClCompile>
    <ClCompile Include="InputFileReader_ForcedSpeed.cpp">
      <Filter>Source Files</Filter>
    </ClCompile>
    <ClCompile Include="InputFileReader_Function.cpp">
      <Filter>Source Files</Filter>
    </ClCompile>
    <ClCompile Include="InputFileReader_Simulation.cpp">
      <Filter>Source Files</Filter>
    </ClCompile>
    <ClCompile Include="Interval.cpp">
      <Filter>Source Files</Filter>
    </ClCompile>
    <ClCompile Include="IntervalSmooth.cpp">
      <Filter>Source Files</Filter>
    </ClCompile>
    <ClCompile Include="IntervalSmooth__TEST.cpp">
      <Filter>Source Files\TestFiles</Filter>
    </ClCompile>
    <ClCompile Include="IntervalStep__TEST.cpp">
      <Filter>Source Files\TestFiles</Filter>
    </ClCompile>
    <ClCompile Include="IntervalStep.cpp">
      <Filter>Source Files</Filter>
    </ClCompile>
    <ClCompile Include="LinearSystem__TEST.cpp">
      <Filter>Source Files\TestFiles</Filter>
    </ClCompile>
    <ClCompile Include="LinearSystem.cpp">
      <Filter>Source Files</Filter>
    </ClCompile>
    <ClCompile Include="Locomotive__TEST.cpp">
      <Filter>Source Files\TestFiles</Filter>
    </ClCompile>
    <ClCompile Include="LocomotiveOperator__TEST.cpp">
      <Filter>Source Files\TestFiles</Filter>
    </ClCompile>
    <ClCompile Include="Locomotive.cpp">
      <Filter>Source Files</Filter>
    </ClCompile>
    <ClCompile Include="LocomotiveOperator.cpp">
      <Filter>Source Files</Filter>
    </ClCompile>
    <ClCompile Include="OneDimensionalBrakePipe__TEST.cpp">
      <Filter>Source Files\TestFiles</Filter>
    </ClCompile>
    <ClCompile Include="OneDimensionalBrakePipe.cpp">
      <Filter>Source Files</Filter>
    </ClCompile>
    <ClCompile Include="Point__TEST.cpp">
      <Filter>Source Files\TestFiles</Filter>
    </ClCompile>
    <ClCompile Include="Point.cpp">
      <Filter>Source Files</Filter>
    </ClCompile>
    <ClCompile Include="RailVehicle.cpp">
      <Filter>Source Files</Filter>
    </ClCompile>
    <ClCompile Include="ResultsWriter.cpp">
      <Filter>Source Files</Filter>
    </ClCompile>
    <ClCompile Include="ResultsWriter__TEST.cpp">
      <Filter>Source Files\TestFiles</Filter>
    </ClCompile>
    <ClCompile Include="Session_Function.cpp">
      <Filter>Source Files</Filter>
    </ClCompile>
    <ClCompile Include="Session_Simulation.cpp">
      <Filter>Source Files</Filter>
    </ClCompile>
    <ClCompile Include="Simulation.cpp">
      <Filter>Source Files</Filter>
    </ClCompile>
    <ClCompile Include="Simulation__TEST.cpp">
      <Filter>Source Files\TestFiles</Filter>
    </ClCompile>
    <ClCompile Include="Track__TEST.cpp">
      <Filter>Source Files\TestFiles</Filter>
    </ClCompile>
    <ClCompile Include="Track.cpp">
      <Filter>Source Files</Filter>
    </ClCompile>
    <ClCompile Include="TrainConsist.cpp">
      <Filter>Source Files</Filter>
    </ClCompile>
    <ClCompile Include="TrainConsist__TEST.cpp">
      <Filter>Source Files\TestFiles</Filter>
    </ClCompile>
    <ClCompile Include="UnitConverter.cpp">
      <Filter>Source Files</Filter>
    </ClCompile>
    <ClCompile Include="UnitConverter__TEST.cpp">
      <Filter>Source Files\TestFiles</Filter>
    </ClCompile>
    <ClCompile Include="UserDefinedRRComponent.cpp">
      <Filter>Source Files</Filter>
    </ClCompile>
    <ClCompile Include="VectorRotator__TEST.cpp">
      <Filter>Source Files\TestFiles</Filter>
    </ClCompile>
    <ClCompile Include="VectorRotator.cpp">
      <Filter>Source Files</Filter>
    </ClCompile>
  </ItemGroup>
</Project>